{
  "name": "typed-json-rpc",
  "version": "1.0.0",
  "lockfileVersion": 2,
  "requires": true,
  "packages": {
    "": {
      "name": "typed-json-rpc",
      "version": "1.0.0",
      "license": "ISC",
      "dependencies": {
        "json-rpc-2.0": "^1.4.1"
      },
      "devDependencies": {
        "typescript": "^4.9.3"
      }
    },
    "node_modules/json-rpc-2.0": {
      "version": "1.4.1",
      "resolved": "https://registry.npmjs.org/json-rpc-2.0/-/json-rpc-2.0-1.4.1.tgz",
      "integrity": "sha512-OX1NJhpIfuK4GjDnJ/gKtZy1HOYo0l4eL0a4rb0rNeQheX1xlyQ9+JMmPzs/sFNthpS/TXKPWlGo09X7B5l81A=="
    },
    "node_modules/typescript": {
      "version": "4.9.3",
      "resolved": "https://registry.npmjs.org/typescript/-/typescript-4.9.3.tgz",
      "integrity": "sha512-CIfGzTelbKNEnLpLdGFgdyKhG23CKdKgQPOBc+OUNrkJ2vr+KSzsSV5kq5iWhEQbok+quxgGzrAtGWCyU7tHnA==",
      "dev": true,
      "bin": {
        "tsc": "bin/tsc",
        "tsserver": "bin/tsserver"
      },
      "engines": {
        "node": ">=4.2.0"
      }
    }
  },
  "dependencies": {
    "json-rpc-2.0": {
      "version": "1.4.1",
      "resolved": "https://registry.npmjs.org/json-rpc-2.0/-/json-rpc-2.0-1.4.1.tgz",
      "integrity": "sha512-OX1NJhpIfuK4GjDnJ/gKtZy1HOYo0l4eL0a4rb0rNeQheX1xlyQ9+JMmPzs/sFNthpS/TXKPWlGo09X7B5l81A=="
    },
    "typescript": {
      "version": "4.9.3",
      "resolved": "https://registry.npmjs.org/typescript/-/typescript-4.9.3.tgz",
      "integrity": "sha512-CIfGzTelbKNEnLpLdGFgdyKhG23CKdKgQPOBc+OUNrkJ2vr+KSzsSV5kq5iWhEQbok+quxgGzrAtGWCyU7tHnA==",
      "dev": true
    }
  }
}
